
Microsoft Visual Studio Solution File, Format Version 12.00
# Visual Studio Version 16
VisualStudioVersion = 16.0.810.3
MinimumVisualStudioVersion = 10.0.40219.1
Project("{FAE04EC0-301F-11D3-BF4B-00C04F79EFBC}") = "Vezbi_OOP_Basics", "Vezbi_OOP_Basics.csproj", "{71B6290D-F176-4AC9-ACF4-31F9F2517239}"
EndProject
Global
	GlobalSection(SolutionConfigurationPlatforms) = preSolution
		Debug|Any CPU = Debug|Any CPU
		Release|Any CPU = Release|Any CPU
	EndGlobalSection
	GlobalSection(ProjectConfigurationPlatforms) = postSolution
		{71B6290D-F176-4AC9-ACF4-31F9F2517239}.Debug|Any CPU.ActiveCfg = Debug|Any CPU
		{71B6290D-F176-4AC9-ACF4-31F9F2517239}.Debug|Any CPU.Build.0 = Debug|Any CPU
		{71B6290D-F176-4AC9-ACF4-31F9F2517239}.Release|Any CPU.ActiveCfg = Release|Any CPU
		{71B6290D-F176-4AC9-ACF4-31F9F2517239}.Release|Any CPU.Build.0 = Release|Any CPU
	EndGlobalSection
	GlobalSection(SolutionProperties) = preSolution
		HideSolutionNode = FALSE
	EndGlobalSection
	GlobalSection(ExtensibilityGlobals) = postSolution
		SolutionGuid = {D695BB05-0554-49E2-896B-071B8AAD8CB2}
	EndGlobalSection
EndGlobal
