
Microsoft Visual Studio Solution File, Format Version 12.00
# Visual Studio Version 16
VisualStudioVersion = 16.0.809.2
MinimumVisualStudioVersion = 10.0.40219.1
Project("{FAE04EC0-301F-11D3-BF4B-00C04F79EFBC}") = "oop_vezbi", "oop_vezbi.csproj", "{1FF4037D-50A0-4237-8A82-C89D201502D7}"
EndProject
Global
	GlobalSection(SolutionConfigurationPlatforms) = preSolution
		Debug|anycpu = Debug|anycpu
		Release|anycpu = Release|anycpu
	EndGlobalSection
	GlobalSection(ProjectConfigurationPlatforms) = postSolution
		{1FF4037D-50A0-4237-8A82-C89D201502D7}.Debug|anycpu.ActiveCfg = Debug|anycpu
		{1FF4037D-50A0-4237-8A82-C89D201502D7}.Debug|anycpu.Build.0 = Debug|anycpu
		{1FF4037D-50A0-4237-8A82-C89D201502D7}.Release|anycpu.ActiveCfg = Release|anycpu
		{1FF4037D-50A0-4237-8A82-C89D201502D7}.Release|anycpu.Build.0 = Release|anycpu
	EndGlobalSection
	GlobalSection(SolutionProperties) = preSolution
		HideSolutionNode = FALSE
	EndGlobalSection
	GlobalSection(ExtensibilityGlobals) = postSolution
		SolutionGuid = {08D83B37-0A98-482D-A362-584FD58A394D}
	EndGlobalSection
EndGlobal
